lockfileVersion: 5.3

specifiers:
  dayjs: ^1.10.7
  wx-server-sdk: ^1.5.3

dependencies:
  dayjs: registry.npmmirror.com/dayjs/1.10.7
  wx-server-sdk: registry.npmmirror.com/wx-server-sdk/1.8.3

packages:

  registry.nlark.com/asynckit/0.4.0:
    resolution: {integrity: sha1-x57Zf380y48robyXkLzDZkdLS3k=, registry: https://registry.npm.taobao.org/, tarball: https://registry.nlark.com/asynckit/download/asynckit-0.4.0.tgz}
    name: asynckit
    version: 0.4.0
    dev: false

  registry.nlark.com/aws-sign2/0.7.0:
    resolution: {integrity: sha1-tG6JCTSpWR8tL2+G1+ap8bP+dqg=, registry: https://registry.npm.taobao.org/, tarball: https://registry.nlark.com/aws-sign2/download/aws-sign2-0.7.0.tgz}
    name: aws-sign2
    version: 0.7.0
    dev: false

  registry.nlark.com/base64-js/1.5.1:
    resolution: {integrity: sha1-GxtEAWClv3rUC2UPCVljSBkDkwo=, registry: https://registry.npm.taobao.org/, tarball: https://registry.nlark.com/base64-js/download/base64-js-1.5.1.tgz?cache=0&sync_timestamp=1631499900871&other_urls=https%3A%2F%2Fregistry.nlark.com%2Fbase64-js%2Fdownload%2Fbase64-js-1.5.1.tgz}
    name: base64-js
    version: 1.5.1
    dev: false

  registry.nlark.com/bcrypt-pbkdf/1.0.2:
    resolution: {integrity: sha1-pDAdOJtqQ/m2f/PKEaP2Y342Dp4=, registry: https://registry.npm.taobao.org/, tarball: https://registry.nlark.com/bcrypt-pbkdf/download/bcrypt-pbkdf-1.0.2.tgz}
    name: bcrypt-pbkdf
    version: 1.0.2
    dependencies:
      tweetnacl: registry.npmmirror.com/tweetnacl/0.14.5
    dev: false

  registry.nlark.com/buffer-equal-constant-time/1.0.1:
    resolution: {integrity: sha1-+OcRMvf/5uAaXJaXpMbz5I1cyBk=, registry: https://registry.npm.taobao.org/, tarball: https://registry.nlark.com/buffer-equal-constant-time/download/buffer-equal-constant-time-1.0.1.tgz}
    name: buffer-equal-constant-time
    version: 1.0.1
    dev: false

  registry.nlark.com/call-bind/1.0.2:
    resolution: {integrity: sha1-sdTonmiBGcPJqQOtMKuy9qkZvjw=, registry: https://registry.npm.taobao.org/, tarball: https://registry.nlark.com/call-bind/download/call-bind-1.0.2.tgz}
    name: call-bind
    version: 1.0.2
    dependencies:
      function-bind: registry.nlark.com/function-bind/1.1.1
      get-intrinsic: registry.nlark.com/get-intrinsic/1.1.1
    dev: false

  registry.nlark.com/caseless/0.12.0:
    resolution: {integrity: sha1-G2gcIf+EAzyCZUMJBolCDRhxUdw=, registry: https://registry.npm.taobao.org/, tarball: https://registry.nlark.com/caseless/download/caseless-0.12.0.tgz}
    name: caseless
    version: 0.12.0
    dev: false

  registry.nlark.com/clone/2.1.2:
    resolution: {integrity: sha1-G39Ln1kfHo+DZwQBYANFoCiHQ18=, registry: https://registry.npm.taobao.org/, tarball: https://registry.nlark.com/clone/download/clone-2.1.2.tgz}
    name: clone
    version: 2.1.2
    engines: {node: '>=0.8'}
    dev: false

  registry.nlark.com/combined-stream/1.0.8:
    resolution: {integrity: sha1-w9RaizT9cwYxoRCoolIGgrMdWn8=, registry: https://registry.npm.taobao.org/, tarball: https://registry.nlark.com/combined-stream/download/combined-stream-1.0.8.tgz}
    name: combined-stream
    version: 1.0.8
    engines: {node: '>= 0.8'}
    dependencies:
      delayed-stream: registry.npmmirror.com/delayed-stream/1.0.0
    dev: false

  registry.nlark.com/dashdash/1.14.1:
    resolution: {integrity: sha1-hTz6D3y+L+1d4gMmuN1YEDX24vA=, registry: https://registry.npm.taobao.org/, tarball: https://registry.nlark.com/dashdash/download/dashdash-1.14.1.tgz}
    name: dashdash
    version: 1.14.1
    engines: {node: '>=0.10'}
    dependencies:
      assert-plus: registry.npmmirror.com/assert-plus/1.0.0
    dev: false

  registry.nlark.com/ecc-jsbn/0.1.2:
    resolution: {integrity: sha1-OoOpBOVDUyh4dMVkt1SThoSamMk=, registry: https://registry.npm.taobao.org/, tarball: https://registry.nlark.com/ecc-jsbn/download/ecc-jsbn-0.1.2.tgz}
    name: ecc-jsbn
    version: 0.1.2
    dependencies:
      jsbn: registry.nlark.com/jsbn/0.1.1
      safer-buffer: registry.nlark.com/safer-buffer/2.1.2
    dev: false

  registry.nlark.com/extend/3.0.2:
    resolution: {integrity: sha1-+LETa0Bx+9jrFAr/hYsQGewpFfo=, registry: https://registry.npm.taobao.org/, tarball: https://registry.nlark.com/extend/download/extend-3.0.2.tgz}
    name: extend
    version: 3.0.2
    dev: false

  registry.nlark.com/fast-deep-equal/3.1.3:
    resolution: {integrity: sha1-On1WtVnWy8PrUSMlJE5hmmXGxSU=, registry: https://registry.npm.taobao.org/, tarball: https://registry.nlark.com/fast-deep-equal/download/fast-deep-equal-3.1.3.tgz}
    name: fast-deep-equal
    version: 3.1.3
    dev: false

  registry.nlark.com/forever-agent/0.6.1:
    resolution: {integrity: sha1-+8cfDEGt6zf5bFd60e1C2P2sypE=, registry: https://registry.npm.taobao.org/, tarball: https://registry.nlark.com/forever-agent/download/forever-agent-0.6.1.tgz}
    name: forever-agent
    version: 0.6.1
    dev: false

  registry.nlark.com/form-data/2.3.3:
    resolution: {integrity: sha1-3M5SwF9kTymManq5Nr1yTO/786Y=, registry: https://registry.npm.taobao.org/, tarball: https://registry.nlark.com/form-data/download/form-data-2.3.3.tgz}
    name: form-data
    version: 2.3.3
    engines: {node: '>= 0.12'}
    dependencies:
      asynckit: registry.nlark.com/asynckit/0.4.0
      combined-stream: registry.nlark.com/combined-stream/1.0.8
      mime-types: registry.npmmirror.com/mime-types/2.1.34
    dev: false

  registry.nlark.com/function-bind/1.1.1:
    resolution: {integrity: sha1-pWiZ0+o8m6uHS7l3O3xe3pL0iV0=, registry: https://registry.npm.taobao.org/, tarball: https://registry.nlark.com/function-bind/download/function-bind-1.1.1.tgz}
    name: function-bind
    version: 1.1.1
    dev: false

  registry.nlark.com/get-intrinsic/1.1.1:
    resolution: {integrity: sha1-FfWfN2+FXERpY5SPDSTNNje0q8Y=, registry: https://registry.npm.taobao.org/, tarball: https://registry.nlark.com/get-intrinsic/download/get-intrinsic-1.1.1.tgz}
    name: get-intrinsic
    version: 1.1.1
    dependencies:
      function-bind: registry.nlark.com/function-bind/1.1.1
      has: registry.npmmirror.com/has/1.0.3
      has-symbols: registry.npmmirror.com/has-symbols/1.0.2
    dev: false

  registry.nlark.com/getpass/0.1.7:
    resolution: {integrity: sha1-Xv+OPmhNVprkyysSgmBOi6YhSfo=, registry: https://registry.npm.taobao.org/, tarball: https://registry.nlark.com/getpass/download/getpass-0.1.7.tgz}
    name: getpass
    version: 0.1.7
    dependencies:
      assert-plus: registry.npmmirror.com/assert-plus/1.0.0
    dev: false

  registry.nlark.com/har-schema/2.0.0:
    resolution: {integrity: sha1-qUwiJOvKwEeCoNkDVSHyRzW37JI=, registry: https://registry.npm.taobao.org/, tarball: https://registry.nlark.com/har-schema/download/har-schema-2.0.0.tgz}
    name: har-schema
    version: 2.0.0
    engines: {node: '>=4'}
    dev: false

  registry.nlark.com/has-tostringtag/1.0.0:
    resolution: {integrity: sha1-fhM4GKfTlHNPlB5zw9P5KR5liyU=, registry: https://registry.npm.taobao.org/, tarball: https://registry.nlark.com/has-tostringtag/download/has-tostringtag-1.0.0.tgz}
    name: has-tostringtag
    version: 1.0.0
    engines: {node: '>= 0.4'}
    dependencies:
      has-symbols: registry.npmmirror.com/has-symbols/1.0.2
    dev: false

  registry.nlark.com/ieee754/1.2.1:
    resolution: {integrity: sha1-jrehCmP/8l0VpXsAFYbRd9Gw01I=, registry: https://registry.npm.taobao.org/, tarball: https://registry.nlark.com/ieee754/download/ieee754-1.2.1.tgz}
    name: ieee754
    version: 1.2.1
    dev: false

  registry.nlark.com/is-regex/1.1.4:
    resolution: {integrity: sha1-7vVmPNWfpMCuM5UFMj32hUuxWVg=, registry: https://registry.npm.taobao.org/, tarball: https://registry.nlark.com/is-regex/download/is-regex-1.1.4.tgz}
    name: is-regex
    version: 1.1.4
    engines: {node: '>= 0.4'}
    dependencies:
      call-bind: registry.nlark.com/call-bind/1.0.2
      has-tostringtag: registry.nlark.com/has-tostringtag/1.0.0
    dev: false

  registry.nlark.com/isstream/0.1.2:
    resolution: {integrity: sha1-R+Y/evVa+m+S4VAOaQ64uFKcCZo=, registry: https://registry.npm.taobao.org/, tarball: https://registry.nlark.com/isstream/download/isstream-0.1.2.tgz}
    name: isstream
    version: 0.1.2
    dev: false

  registry.nlark.com/jsbn/0.1.1:
    resolution: {integrity: sha1-peZUwuWi3rXyAdls77yoDA7y9RM=, registry: https://registry.npm.taobao.org/, tarball: https://registry.nlark.com/jsbn/download/jsbn-0.1.1.tgz}
    name: jsbn
    version: 0.1.1
    dev: false

  registry.nlark.com/json-schema-traverse/0.4.1:
    resolution: {integrity: sha1-afaofZUTq4u4/mO9sJecRI5oRmA=, registry: https://registry.npm.taobao.org/, tarball: https://registry.nlark.com/json-schema-traverse/download/json-schema-traverse-0.4.1.tgz}
    name: json-schema-traverse
    version: 0.4.1
    dev: false

  registry.nlark.com/json-stringify-safe/5.0.1:
    resolution: {integrity: sha1-Epai1Y/UXxmg9s4B1lcB4sc1tus=, registry: https://registry.npm.taobao.org/, tarball: https://registry.nlark.com/json-stringify-safe/download/json-stringify-safe-5.0.1.tgz}
    name: json-stringify-safe
    version: 5.0.1
    dev: false

  registry.nlark.com/jwa/1.4.1:
    resolution: {integrity: sha1-dDwymFy56YZVUw1TZBtmyGRbA5o=, registry: https://registry.npm.taobao.org/, tarball: https://registry.nlark.com/jwa/download/jwa-1.4.1.tgz}
    name: jwa
    version: 1.4.1
    dependencies:
      buffer-equal-constant-time: registry.nlark.com/buffer-equal-constant-time/1.0.1
      ecdsa-sig-formatter: registry.npmmirror.com/ecdsa-sig-formatter/1.0.11
      safe-buffer: registry.npmmirror.com/safe-buffer/5.2.1
    dev: false

  registry.nlark.com/jws/3.2.2:
    resolution: {integrity: sha1-ABCZ82OUaMlBQADpmZX6UvtHgwQ=, registry: https://registry.npm.taobao.org/, tarball: https://registry.nlark.com/jws/download/jws-3.2.2.tgz}
    name: jws
    version: 3.2.2
    dependencies:
      jwa: registry.nlark.com/jwa/1.4.1
      safe-buffer: registry.npmmirror.com/safe-buffer/5.2.1
    dev: false

  registry.nlark.com/lodash.clonedeep/4.5.0:
    resolution: {integrity: sha1-4j8/nE+Pvd6HJSnBBxhXoIblzO8=, registry: https://registry.npm.taobao.org/, tarball: https://registry.nlark.com/lodash.clonedeep/download/lodash.clonedeep-4.5.0.tgz}
    name: lodash.clonedeep
    version: 4.5.0
    dev: false

  registry.nlark.com/lodash.isinteger/4.0.4:
    resolution: {integrity: sha1-YZwK89A/iwTDH1iChAt3sRzWg0M=, registry: https://registry.npm.taobao.org/, tarball: https://registry.nlark.com/lodash.isinteger/download/lodash.isinteger-4.0.4.tgz}
    name: lodash.isinteger
    version: 4.0.4
    dev: false

  registry.nlark.com/lodash.isplainobject/4.0.6:
    resolution: {integrity: sha1-fFJqUtibRcRcxpC4gWO+BJf1UMs=, registry: https://registry.npm.taobao.org/, tarball: https://registry.nlark.com/lodash.isplainobject/download/lodash.isplainobject-4.0.6.tgz}
    name: lodash.isplainobject
    version: 4.0.6
    dev: false

  registry.nlark.com/lodash.merge/4.6.2:
    resolution: {integrity: sha1-VYqlO0O2YeGSWgr9+japoQhf5Xo=, registry: https://registry.npm.taobao.org/, tarball: https://registry.nlark.com/lodash.merge/download/lodash.merge-4.6.2.tgz}
    name: lodash.merge
    version: 4.6.2
    dev: false

  registry.nlark.com/lodash.once/4.1.1:
    resolution: {integrity: sha1-DdOXEhPHxW34gJd9UEyI+0cal6w=, registry: https://registry.npm.taobao.org/, tarball: https://registry.nlark.com/lodash.once/download/lodash.once-4.1.1.tgz}
    name: lodash.once
    version: 4.1.1
    dev: false

  registry.nlark.com/oauth-sign/0.9.0:
    resolution: {integrity: sha1-R6ewFrqmi1+g7PPe4IqFxnmsZFU=, registry: https://registry.npm.taobao.org/, tarball: https://registry.nlark.com/oauth-sign/download/oauth-sign-0.9.0.tgz}
    name: oauth-sign
    version: 0.9.0
    dev: false

  registry.nlark.com/performance-now/2.1.0:
    resolution: {integrity: sha1-Ywn04OX6kT7BxpMHrjZLSzd8nns=, registry: https://registry.npm.taobao.org/, tarball: https://registry.nlark.com/performance-now/download/performance-now-2.1.0.tgz}
    name: performance-now
    version: 2.1.0
    dev: false

  registry.nlark.com/psl/1.8.0:
    resolution: {integrity: sha1-kyb4vPsBOtzABf3/BWrM4CDlHCQ=, registry: https://registry.npm.taobao.org/, tarball: https://registry.nlark.com/psl/download/psl-1.8.0.tgz}
    name: psl
    version: 1.8.0
    dev: false

  registry.nlark.com/safer-buffer/2.1.2:
    resolution: {integrity: sha1-RPoWGwGHuVSd2Eu5GAL5vYOFzWo=, registry: https://registry.npm.taobao.org/, tarball: https://registry.nlark.com/safer-buffer/download/safer-buffer-2.1.2.tgz}
    name: safer-buffer
    version: 2.1.2
    dev: false

  registry.nlark.com/sax/1.2.4:
    resolution: {integrity: sha1-KBYjTiN4vdxOU1T6tcqold9xANk=, registry: https://registry.npm.taobao.org/, tarball: https://registry.nlark.com/sax/download/sax-1.2.4.tgz}
    name: sax
    version: 1.2.4
    dev: false

  registry.nlark.com/semver/5.7.1:
    resolution: {integrity: sha1-qVT5Ma66UI0we78Gnv8MAclhFvc=, registry: https://registry.npm.taobao.org/, tarball: https://registry.nlark.com/semver/download/semver-5.7.1.tgz}
    name: semver
    version: 5.7.1
    hasBin: true
    dev: false

  registry.nlark.com/sshpk/1.16.1:
    resolution: {integrity: sha1-+2YcC+8ps520B2nuOfpwCT1vaHc=, registry: https://registry.npm.taobao.org/, tarball: https://registry.nlark.com/sshpk/download/sshpk-1.16.1.tgz}
    name: sshpk
    version: 1.16.1
    engines: {node: '>=0.10.0'}
    hasBin: true
    dependencies:
      asn1: registry.npmmirror.com/asn1/0.2.6
      assert-plus: registry.npmmirror.com/assert-plus/1.0.0
      bcrypt-pbkdf: registry.nlark.com/bcrypt-pbkdf/1.0.2
      dashdash: registry.nlark.com/dashdash/1.14.1
      ecc-jsbn: registry.nlark.com/ecc-jsbn/0.1.2
      getpass: registry.nlark.com/getpass/0.1.7
      jsbn: registry.nlark.com/jsbn/0.1.1
      safer-buffer: registry.nlark.com/safer-buffer/2.1.2
      tweetnacl: registry.npmmirror.com/tweetnacl/0.14.5
    dev: false

  registry.nlark.com/tough-cookie/2.5.0:
    resolution: {integrity: sha1-zZ+yoKodWhK0c72fuW+j3P9lreI=, registry: https://registry.npm.taobao.org/, tarball: https://registry.nlark.com/tough-cookie/download/tough-cookie-2.5.0.tgz}
    name: tough-cookie
    version: 2.5.0
    engines: {node: '>=0.8'}
    dependencies:
      psl: registry.nlark.com/psl/1.8.0
      punycode: registry.npmmirror.com/punycode/2.1.1
    dev: false

  registry.nlark.com/xml2js/0.4.23:
    resolution: {integrity: sha1-oMaVFnUkIesqx1juTUzPWIQ+rGY=, registry: https://registry.npm.taobao.org/, tarball: https://registry.nlark.com/xml2js/download/xml2js-0.4.23.tgz}
    name: xml2js
    version: 0.4.23
    engines: {node: '>=4.0.0'}
    dependencies:
      sax: registry.nlark.com/sax/1.2.4
      xmlbuilder: registry.nlark.com/xmlbuilder/11.0.1
    dev: false

  registry.nlark.com/xmlbuilder/11.0.1:
    resolution: {integrity: sha1-vpuuHIoEbnazESdyY0fQrXACvrM=, registry: https://registry.npm.taobao.org/, tarball: https://registry.nlark.com/xmlbuilder/download/xmlbuilder-11.0.1.tgz}
    name: xmlbuilder
    version: 11.0.1
    engines: {node: '>=4.0'}
    dev: false

  registry.npmmirror.com/@cloudbase/database/0.9.15:
    resolution: {integrity: sha1-Jo6bMSC+bJkpTmZFvBhx24unDTE=, registry: https://registry.npm.taobao.org/, tarball: https://registry.npmmirror.com/@cloudbase/database/download/@cloudbase/database-0.9.15.tgz}
    name: '@cloudbase/database'
    version: 0.9.15
    dependencies:
      bson: registry.npmmirror.com/bson/4.6.0
      lodash.clonedeep: registry.nlark.com/lodash.clonedeep/4.5.0
      lodash.set: registry.npmmirror.com/lodash.set/4.3.2
      lodash.unset: registry.npmmirror.com/lodash.unset/4.5.2
    dev: false

  registry.npmmirror.com/@cloudbase/signature-nodejs/1.1.0:
    resolution: {integrity: sha1-R5xryLFN1jOajfW39aENUOzKYV4=, registry: https://registry.npm.taobao.org/, tarball: https://registry.npmmirror.com/@cloudbase/signature-nodejs/download/@cloudbase/signature-nodejs-1.1.0.tgz}
    name: '@cloudbase/signature-nodejs'
    version: 1.1.0
    dependencies:
      '@types/clone': registry.npmmirror.com/@types/clone/0.1.30
      clone: registry.nlark.com/clone/2.1.2
      is-stream: registry.npmmirror.com/is-stream/2.0.1
      url: registry.npmmirror.com/url/0.11.0
    dev: false

  registry.npmmirror.com/@protobufjs/aspromise/1.1.2:
    resolution: {integrity: sha1-m4sMxmPWaafY9vXQiToU00jzD78=, registry: https://registry.npm.taobao.org/, tarball: https://registry.npmmirror.com/@protobufjs/aspromise/download/@protobufjs/aspromise-1.1.2.tgz}
    name: '@protobufjs/aspromise'
    version: 1.1.2
    dev: false

  registry.npmmirror.com/@protobufjs/base64/1.1.2:
    resolution: {integrity: sha1-TIVzDlm5ofHzSQR9vyQpYDS7JzU=, registry: https://registry.npm.taobao.org/, tarball: https://registry.npmmirror.com/@protobufjs/base64/download/@protobufjs/base64-1.1.2.tgz}
    name: '@protobufjs/base64'
    version: 1.1.2
    dev: false

  registry.npmmirror.com/@protobufjs/codegen/2.0.4:
    resolution: {integrity: sha1-fvN/DQEPsCitGtWXIuUG2SYoFcs=, registry: https://registry.npm.taobao.org/, tarball: https://registry.npmmirror.com/@protobufjs/codegen/download/@protobufjs/codegen-2.0.4.tgz}
    name: '@protobufjs/codegen'
    version: 2.0.4
    dev: false

  registry.npmmirror.com/@protobufjs/eventemitter/1.1.0:
    resolution: {integrity: sha1-NVy8mLr61ZePntCV85diHx0Ga3A=, registry: https://registry.npm.taobao.org/, tarball: https://registry.npmmirror.com/@protobufjs/eventemitter/download/@protobufjs/eventemitter-1.1.0.tgz}
    name: '@protobufjs/eventemitter'
    version: 1.1.0
    dev: false

  registry.npmmirror.com/@protobufjs/fetch/1.1.0:
    resolution: {integrity: sha1-upn7WYYUr2VwDBYZ/wbUVLDYTEU=, registry: https://registry.npm.taobao.org/, tarball: https://registry.npmmirror.com/@protobufjs/fetch/download/@protobufjs/fetch-1.1.0.tgz}
    name: '@protobufjs/fetch'
    version: 1.1.0
    dependencies:
      '@protobufjs/aspromise': registry.npmmirror.com/@protobufjs/aspromise/1.1.2
      '@protobufjs/inquire': registry.npmmirror.com/@protobufjs/inquire/1.1.0
    dev: false

  registry.npmmirror.com/@protobufjs/float/1.0.2:
    resolution: {integrity: sha1-Xp4avctz/Ap8uLKR33jIy9l7h9E=, registry: https://registry.npm.taobao.org/, tarball: https://registry.npmmirror.com/@protobufjs/float/download/@protobufjs/float-1.0.2.tgz}
    name: '@protobufjs/float'
    version: 1.0.2
    dev: false

  registry.npmmirror.com/@protobufjs/inquire/1.1.0:
    resolution: {integrity: sha1-/yAOPnzyQp4tyvwRQIKOjMY48Ik=, registry: https://registry.npm.taobao.org/, tarball: https://registry.npmmirror.com/@protobufjs/inquire/download/@protobufjs/inquire-1.1.0.tgz}
    name: '@protobufjs/inquire'
    version: 1.1.0
    dev: false

  registry.npmmirror.com/@protobufjs/path/1.1.2:
    resolution: {integrity: sha1-bMKyDFya1q0NzP0hynZz2Nf79o0=, registry: https://registry.npm.taobao.org/, tarball: https://registry.npmmirror.com/@protobufjs/path/download/@protobufjs/path-1.1.2.tgz}
    name: '@protobufjs/path'
    version: 1.1.2
    dev: false

  registry.npmmirror.com/@protobufjs/pool/1.1.0:
    resolution: {integrity: sha1-Cf0V8tbTq/qbZbw2ZQbWrXhG/1Q=, registry: https://registry.npm.taobao.org/, tarball: https://registry.npmmirror.com/@protobufjs/pool/download/@protobufjs/pool-1.1.0.tgz}
    name: '@protobufjs/pool'
    version: 1.1.0
    dev: false

  registry.npmmirror.com/@protobufjs/utf8/1.1.0:
    resolution: {integrity: sha1-p3c2C1s5oaLlEG+OhY8v0tBgxXA=, registry: https://registry.npm.taobao.org/, tarball: https://registry.npmmirror.com/@protobufjs/utf8/download/@protobufjs/utf8-1.1.0.tgz}
    name: '@protobufjs/utf8'
    version: 1.1.0
    dev: false

  registry.npmmirror.com/@types/clone/0.1.30:
    resolution: {integrity: sha1-5zZWSMG0ITalnH1QQGN7O1yDthQ=, registry: https://registry.npm.taobao.org/, tarball: https://registry.npmmirror.com/@types/clone/download/@types/clone-0.1.30.tgz}
    name: '@types/clone'
    version: 0.1.30
    dev: false

  registry.npmmirror.com/@types/long/4.0.1:
    resolution: {integrity: sha512-5tXH6Bx/kNGd3MgffdmP4dy2Z+G4eaXw0SE81Tq3BNadtnMR5/ySMzX4SLEzHJzSmPNn4HIdpQsBvXMUykr58w==, registry: https://registry.npm.taobao.org/, tarball: https://registry.npmmirror.com/@types/long/download/@types/long-4.0.1.tgz}
    name: '@types/long'
    version: 4.0.1
    dev: false

  registry.npmmirror.com/@types/node/10.17.60:
    resolution: {integrity: sha512-F0KIgDJfy2nA3zMLmWGKxcH2ZVEtCZXHHdOQs2gSaQ27+lNeEfGxzkIw90aXswATX7AZ33tahPbzy6KAfUreVw==, registry: https://registry.npm.taobao.org/, tarball: https://registry.npmmirror.com/@types/node/download/@types/node-10.17.60.tgz}
    name: '@types/node'
    version: 10.17.60
    dev: false

  registry.npmmirror.com/ajv/6.12.6:
    resolution: {integrity: sha1-uvWmLoArB9l3A0WG+MO69a3ybfQ=, registry: https://registry.npm.taobao.org/, tarball: https://registry.npmmirror.com/ajv/download/ajv-6.12.6.tgz}
    name: ajv
    version: 6.12.6
    dependencies:
      fast-deep-equal: registry.nlark.com/fast-deep-equal/3.1.3
      fast-json-stable-stringify: registry.npmmirror.com/fast-json-stable-stringify/2.1.0
      json-schema-traverse: registry.nlark.com/json-schema-traverse/0.4.1
      uri-js: registry.npmmirror.com/uri-js/4.4.1
    dev: false

  registry.npmmirror.com/asn1/0.2.6:
    resolution: {integrity: sha1-DTp7tuZOAqkMAwOzHykoaOoJoI0=, registry: https://registry.npm.taobao.org/, tarball: https://registry.npmmirror.com/asn1/download/asn1-0.2.6.tgz}
    name: asn1
    version: 0.2.6
    dependencies:
      safer-buffer: registry.nlark.com/safer-buffer/2.1.2
    dev: false

  registry.npmmirror.com/assert-plus/1.0.0:
    resolution: {integrity: sha1-8S4PPF13sLHN2RRpQuTpbB5N1SU=, registry: https://registry.npm.taobao.org/, tarball: https://registry.npmmirror.com/assert-plus/download/assert-plus-1.0.0.tgz}
    name: assert-plus
    version: 1.0.0
    engines: {node: '>=0.8'}
    dev: false

  registry.npmmirror.com/aws4/1.11.0:
    resolution: {integrity: sha1-1h9G2DslGSUOJ4Ta9bCUeai0HFk=, registry: https://registry.npm.taobao.org/, tarball: https://registry.npmmirror.com/aws4/download/aws4-1.11.0.tgz}
    name: aws4
    version: 1.11.0
    dev: false

  registry.npmmirror.com/bson/4.6.0:
    resolution: {integrity: sha512-8jw1NU1hglS+Da1jDOUYuNcBJ4cNHCFIqzlwoFNnsTOg2R/ox0aTYcTiBN4dzRa9q7Cvy6XErh3L8ReTEb9AQQ==, registry: https://registry.npm.taobao.org/, tarball: https://registry.npmmirror.com/bson/download/bson-4.6.0.tgz}
    name: bson
    version: 4.6.0
    engines: {node: '>=6.9.0'}
    dependencies:
      buffer: registry.npmmirror.com/buffer/5.7.1
    dev: false

  registry.npmmirror.com/buffer/5.7.1:
    resolution: {integrity: sha512-EHcyIPBQ4BSGlvjB16k5KgAJ27CIsHY/2JBmCRReo48y9rQ3MaUzWX3KVlBa4U7MyX02HdVj0K7C3WaB3ju7FQ==, registry: https://registry.npm.taobao.org/, tarball: https://registry.npmmirror.com/buffer/download/buffer-5.7.1.tgz}
    name: buffer
    version: 5.7.1
    dependencies:
      base64-js: registry.nlark.com/base64-js/1.5.1
      ieee754: registry.nlark.com/ieee754/1.2.1
    dev: false

  registry.npmmirror.com/core-util-is/1.0.2:
    resolution: {integrity: sha1-tf1UIgqivFq1eqtxQMlAdUUDwac=, registry: https://registry.npm.taobao.org/, tarball: https://registry.npmmirror.com/core-util-is/download/core-util-is-1.0.2.tgz}
    name: core-util-is
    version: 1.0.2
    dev: false

  registry.npmmirror.com/dayjs/1.10.7:
    resolution: {integrity: sha512-P6twpd70BcPK34K26uJ1KT3wlhpuOAPoMwJzpsIWUxHZ7wpmbdZL/hQqBDfz7hGurYSa5PhzdhDHtt319hL3ig==, registry: https://registry.npm.taobao.org/, tarball: https://registry.npmmirror.com/dayjs/download/dayjs-1.10.7.tgz}
    name: dayjs
    version: 1.10.7
    dev: false

  registry.npmmirror.com/delayed-stream/1.0.0:
    resolution: {integrity: sha1-3zrhmayt+31ECqrgsp4icrJOxhk=, registry: https://registry.npm.taobao.org/, tarball: https://registry.npmmirror.com/delayed-stream/download/delayed-stream-1.0.0.tgz}
    name: delayed-stream
    version: 1.0.0
    engines: {node: '>=0.4.0'}
    dev: false

  registry.npmmirror.com/ecdsa-sig-formatter/1.0.11:
    resolution: {integrity: sha1-rg8PothQRe8UqBfao86azQSJ5b8=, registry: https://registry.npm.taobao.org/, tarball: https://registry.npmmirror.com/ecdsa-sig-formatter/download/ecdsa-sig-formatter-1.0.11.tgz}
    name: ecdsa-sig-formatter
    version: 1.0.11
    dependencies:
      safe-buffer: registry.npmmirror.com/safe-buffer/5.2.1
    dev: false

  registry.npmmirror.com/extsprintf/1.3.0:
    resolution: {integrity: sha1-lpGEQOMEGnpBT4xS48V06zw+HgU=, registry: https://registry.npm.taobao.org/, tarball: https://registry.npmmirror.com/extsprintf/download/extsprintf-1.3.0.tgz}
    name: extsprintf
    version: 1.3.0
    engines: {'0': node >=0.6.0}
    dev: false

  registry.npmmirror.com/fast-json-stable-stringify/2.1.0:
    resolution: {integrity: sha1-h0v2nG9ATCtdmcSBNBOZ/VWJJjM=, registry: https://registry.npm.taobao.org/, tarball: https://registry.npmmirror.com/fast-json-stable-stringify/download/fast-json-stable-stringify-2.1.0.tgz}
    name: fast-json-stable-stringify
    version: 2.1.0
    dev: false

  registry.npmmirror.com/har-validator/5.1.5:
    resolution: {integrity: sha1-HwgDufjLIMD6E4It8ezds2veHv0=, registry: https://registry.npm.taobao.org/, tarball: https://registry.npmmirror.com/har-validator/download/har-validator-5.1.5.tgz}
    name: har-validator
    version: 5.1.5
    engines: {node: '>=6'}
    deprecated: this library is no longer supported
    dependencies:
      ajv: registry.npmmirror.com/ajv/6.12.6
      har-schema: registry.nlark.com/har-schema/2.0.0
    dev: false

  registry.npmmirror.com/has-symbols/1.0.2:
    resolution: {integrity: sha1-Fl0wcMADCXUqEjakeTMeOsVvFCM=, registry: https://registry.npm.taobao.org/, tarball: https://registry.npmmirror.com/has-symbols/download/has-symbols-1.0.2.tgz}
    name: has-symbols
    version: 1.0.2
    engines: {node: '>= 0.4'}
    dev: false

  registry.npmmirror.com/has/1.0.3:
    resolution: {integrity: sha1-ci18v8H2qoJB8W3YFOAR4fQeh5Y=, registry: https://registry.npm.taobao.org/, tarball: https://registry.npmmirror.com/has/download/has-1.0.3.tgz}
    name: has
    version: 1.0.3
    engines: {node: '>= 0.4.0'}
    dependencies:
      function-bind: registry.nlark.com/function-bind/1.1.1
    dev: false

  registry.npmmirror.com/http-signature/1.2.0:
    resolution: {integrity: sha1-muzZJRFHcvPZW2WmCruPfBj7rOE=, registry: https://registry.npm.taobao.org/, tarball: https://registry.npmmirror.com/http-signature/download/http-signature-1.2.0.tgz}
    name: http-signature
    version: 1.2.0
    engines: {node: '>=0.8', npm: '>=1.3.7'}
    dependencies:
      assert-plus: registry.npmmirror.com/assert-plus/1.0.0
      jsprim: registry.npmmirror.com/jsprim/1.4.2
      sshpk: registry.nlark.com/sshpk/1.16.1
    dev: false

  registry.npmmirror.com/is-stream/2.0.1:
    resolution: {integrity: sha1-+sHj1TuXrVqdCunO8jifWBClwHc=, registry: https://registry.npm.taobao.org/, tarball: https://registry.npmmirror.com/is-stream/download/is-stream-2.0.1.tgz}
    name: is-stream
    version: 2.0.1
    engines: {node: '>=8'}
    dev: false

  registry.npmmirror.com/is-typedarray/1.0.0:
    resolution: {integrity: sha1-5HnICFjfDBsR3dppQPlgEfzaSpo=, registry: https://registry.npm.taobao.org/, tarball: https://registry.npmmirror.com/is-typedarray/download/is-typedarray-1.0.0.tgz}
    name: is-typedarray
    version: 1.0.0
    dev: false

  registry.npmmirror.com/json-schema/0.4.0:
    resolution: {integrity: sha512-es94M3nTIfsEPisRafak+HDLfHXnKBhV3vU5eqPcS3flIWqcxJWgXHXiey3YrpaNsanY5ei1VoYEbOzijuq9BA==, registry: https://registry.npm.taobao.org/, tarball: https://registry.npmmirror.com/json-schema/download/json-schema-0.4.0.tgz}
    name: json-schema
    version: 0.4.0
    dev: false

  registry.npmmirror.com/jsonwebtoken/8.5.1:
    resolution: {integrity: sha512-XjwVfRS6jTMsqYs0EsuJ4LGxXV14zQybNd4L2r0UvbVnSF9Af8x7p5MzbJ90Ioz/9TI41/hTCvznF/loiSzn8w==, registry: https://registry.npm.taobao.org/, tarball: https://registry.npmmirror.com/jsonwebtoken/download/jsonwebtoken-8.5.1.tgz}
    name: jsonwebtoken
    version: 8.5.1
    engines: {node: '>=4', npm: '>=1.4.28'}
    dependencies:
      jws: registry.nlark.com/jws/3.2.2
      lodash.includes: registry.npmmirror.com/lodash.includes/4.3.0
      lodash.isboolean: registry.npmmirror.com/lodash.isboolean/3.0.3
      lodash.isinteger: registry.nlark.com/lodash.isinteger/4.0.4
      lodash.isnumber: registry.npmmirror.com/lodash.isnumber/3.0.3
      lodash.isplainobject: registry.nlark.com/lodash.isplainobject/4.0.6
      lodash.isstring: registry.npmmirror.com/lodash.isstring/4.0.1
      lodash.once: registry.nlark.com/lodash.once/4.1.1
      ms: registry.npmmirror.com/ms/2.1.3
      semver: registry.nlark.com/semver/5.7.1
    dev: false

  registry.npmmirror.com/jsprim/1.4.2:
    resolution: {integrity: sha512-P2bSOMAc/ciLz6DzgjVlGJP9+BrJWu5UDGK70C2iweC5QBIeFf0ZXRvGjEj2uYgrY2MkAAhsSWHDWlFtEroZWw==, registry: https://registry.npm.taobao.org/, tarball: https://registry.npmmirror.com/jsprim/download/jsprim-1.4.2.tgz}
    name: jsprim
    version: 1.4.2
    engines: {node: '>=0.6.0'}
    dependencies:
      assert-plus: registry.npmmirror.com/assert-plus/1.0.0
      extsprintf: registry.npmmirror.com/extsprintf/1.3.0
      json-schema: registry.npmmirror.com/json-schema/0.4.0
      verror: registry.npmmirror.com/verror/1.10.0
    dev: false

  registry.npmmirror.com/lodash.includes/4.3.0:
    resolution: {integrity: sha1-YLuYqHy5I8aMoeUTJUgzFISfVT8=, registry: https://registry.npm.taobao.org/, tarball: https://registry.npmmirror.com/lodash.includes/download/lodash.includes-4.3.0.tgz}
    name: lodash.includes
    version: 4.3.0
    dev: false

  registry.npmmirror.com/lodash.isboolean/3.0.3:
    resolution: {integrity: sha512-Bz5mupy2SVbPHURB98VAcw+aHh4vRV5IPNhILUCsOzRmsTmSQ17jIuqopAentWoehktxGd9e/hbIXq980/1QJg==, registry: https://registry.npm.taobao.org/, tarball: https://registry.npmmirror.com/lodash.isboolean/download/lodash.isboolean-3.0.3.tgz}
    name: lodash.isboolean
    version: 3.0.3
    dev: false

  registry.npmmirror.com/lodash.isnumber/3.0.3:
    resolution: {integrity: sha1-POdoEMWSjQM1IwGsKHMX8RwLH/w=, registry: https://registry.npm.taobao.org/, tarball: https://registry.npmmirror.com/lodash.isnumber/download/lodash.isnumber-3.0.3.tgz}
    name: lodash.isnumber
    version: 3.0.3
    dev: false

  registry.npmmirror.com/lodash.isstring/4.0.1:
    resolution: {integrity: sha1-1SfftUVuynzJu5XV2ur4i6VKVFE=, registry: https://registry.npm.taobao.org/, tarball: https://registry.npmmirror.com/lodash.isstring/download/lodash.isstring-4.0.1.tgz}
    name: lodash.isstring
    version: 4.0.1
    dev: false

  registry.npmmirror.com/lodash.set/4.3.2:
    resolution: {integrity: sha1-2HV7HagH3eJIFrDWqEvqGnYjCyM=, registry: https://registry.npm.taobao.org/, tarball: https://registry.npmmirror.com/lodash.set/download/lodash.set-4.3.2.tgz}
    name: lodash.set
    version: 4.3.2
    dev: false

  registry.npmmirror.com/lodash.unset/4.5.2:
    resolution: {integrity: sha1-Nw0dPoW3Kn4bDN8tJyEhMG8j5O0=, registry: https://registry.npm.taobao.org/, tarball: https://registry.npmmirror.com/lodash.unset/download/lodash.unset-4.5.2.tgz}
    name: lodash.unset
    version: 4.5.2
    dev: false

  registry.npmmirror.com/long/4.0.0:
    resolution: {integrity: sha1-mntxz7fTYaGU6lVSQckvdGjVvyg=, registry: https://registry.npm.taobao.org/, tarball: https://registry.npmmirror.com/long/download/long-4.0.0.tgz}
    name: long
    version: 4.0.0
    dev: false

  registry.npmmirror.com/mime-db/1.51.0:
    resolution: {integrity: sha512-5y8A56jg7XVQx2mbv1lu49NR4dokRnhZYTtL+KGfaa27uq4pSTXkwQkFJl4pkRMyNFz/EtYDSkiiEHx3F7UN6g==, registry: https://registry.npm.taobao.org/, tarball: https://registry.npmmirror.com/mime-db/download/mime-db-1.51.0.tgz}
    name: mime-db
    version: 1.51.0
    engines: {node: '>= 0.6'}
    dev: false

  registry.npmmirror.com/mime-types/2.1.34:
    resolution: {integrity: sha512-6cP692WwGIs9XXdOO4++N+7qjqv0rqxxVvJ3VHPh/Sc9mVZcQP+ZGhkKiTvWMQRr2tbHkJP/Yn7Y0npb3ZBs4A==, registry: https://registry.npm.taobao.org/, tarball: https://registry.npmmirror.com/mime-types/download/mime-types-2.1.34.tgz}
    name: mime-types
    version: 2.1.34
    engines: {node: '>= 0.6'}
    dependencies:
      mime-db: registry.npmmirror.com/mime-db/1.51.0
    dev: false

  registry.npmmirror.com/ms/2.1.3:
    resolution: {integrity: sha1-V0yBOM4dK1hh8LRFedut1gxmFbI=, registry: https://registry.npm.taobao.org/, tarball: https://registry.npmmirror.com/ms/download/ms-2.1.3.tgz}
    name: ms
    version: 2.1.3
    dev: false

  registry.npmmirror.com/protobufjs/6.8.8:
    resolution: {integrity: sha1-yLTxKC/XqQ5vWxCe0RyEr4KQjnw=, registry: https://registry.npm.taobao.org/, tarball: https://registry.npmmirror.com/protobufjs/download/protobufjs-6.8.8.tgz}
    name: protobufjs
    version: 6.8.8
    hasBin: true
    requiresBuild: true
    dependencies:
      '@protobufjs/aspromise': registry.npmmirror.com/@protobufjs/aspromise/1.1.2
      '@protobufjs/base64': registry.npmmirror.com/@protobufjs/base64/1.1.2
      '@protobufjs/codegen': registry.npmmirror.com/@protobufjs/codegen/2.0.4
      '@protobufjs/eventemitter': registry.npmmirror.com/@protobufjs/eventemitter/1.1.0
      '@protobufjs/fetch': registry.npmmirror.com/@protobufjs/fetch/1.1.0
      '@protobufjs/float': registry.npmmirror.com/@protobufjs/float/1.0.2
      '@protobufjs/inquire': registry.npmmirror.com/@protobufjs/inquire/1.1.0
      '@protobufjs/path': registry.npmmirror.com/@protobufjs/path/1.1.2
      '@protobufjs/pool': registry.npmmirror.com/@protobufjs/pool/1.1.0
      '@protobufjs/utf8': registry.npmmirror.com/@protobufjs/utf8/1.1.0
      '@types/long': registry.npmmirror.com/@types/long/4.0.1
      '@types/node': registry.npmmirror.com/@types/node/10.17.60
      long: registry.npmmirror.com/long/4.0.0
    dev: false

  registry.npmmirror.com/punycode/1.3.2:
    resolution: {integrity: sha1-llOgNvt8HuQjQvIyXM7v6jkmxI0=, registry: https://registry.npm.taobao.org/, tarball: https://registry.npmmirror.com/punycode/download/punycode-1.3.2.tgz}
    name: punycode
    version: 1.3.2
    dev: false

  registry.npmmirror.com/punycode/2.1.1:
    resolution: {integrity: sha1-tYsBCsQMIsVldhbI0sLALHv0eew=, registry: https://registry.npm.taobao.org/, tarball: https://registry.npmmirror.com/punycode/download/punycode-2.1.1.tgz}
    name: punycode
    version: 2.1.1
    engines: {node: '>=6'}
    dev: false

  registry.npmmirror.com/qs/6.5.2:
    resolution: {integrity: sha512-N5ZAX4/LxJmF+7wN74pUD6qAh9/wnvdQcjq9TZjevvXzSUo7bfmw91saqMjzGS2xq91/odN2dW/WOl7qQHNDGA==, registry: https://registry.npm.taobao.org/, tarball: https://registry.npmmirror.com/qs/download/qs-6.5.2.tgz}
    name: qs
    version: 6.5.2
    engines: {node: '>=0.6'}
    dev: false

  registry.npmmirror.com/querystring/0.2.0:
    resolution: {integrity: sha1-sgmEkgO7Jd+CDadW50cAWHhSFiA=, registry: https://registry.npm.taobao.org/, tarball: https://registry.npmmirror.com/querystring/download/querystring-0.2.0.tgz}
    name: querystring
    version: 0.2.0
    engines: {node: '>=0.4.x'}
    deprecated: The querystring API is considered Legacy. new code should use the URLSearchParams API instead.
    dev: false

  registry.npmmirror.com/request/2.88.2:
    resolution: {integrity: sha1-1zyRhzHLWofaBH4gcjQUb2ZNErM=, registry: https://registry.npm.taobao.org/, tarball: https://registry.npmmirror.com/request/download/request-2.88.2.tgz}
    name: request
    version: 2.88.2
    engines: {node: '>= 6'}
    deprecated: request has been deprecated, see https://github.com/request/request/issues/3142
    dependencies:
      aws-sign2: registry.nlark.com/aws-sign2/0.7.0
      aws4: registry.npmmirror.com/aws4/1.11.0
      caseless: registry.nlark.com/caseless/0.12.0
      combined-stream: registry.nlark.com/combined-stream/1.0.8
      extend: registry.nlark.com/extend/3.0.2
      forever-agent: registry.nlark.com/forever-agent/0.6.1
      form-data: registry.nlark.com/form-data/2.3.3
      har-validator: registry.npmmirror.com/har-validator/5.1.5
      http-signature: registry.npmmirror.com/http-signature/1.2.0
      is-typedarray: registry.npmmirror.com/is-typedarray/1.0.0
      isstream: registry.nlark.com/isstream/0.1.2
      json-stringify-safe: registry.nlark.com/json-stringify-safe/5.0.1
      mime-types: registry.npmmirror.com/mime-types/2.1.34
      oauth-sign: registry.nlark.com/oauth-sign/0.9.0
      performance-now: registry.nlark.com/performance-now/2.1.0
      qs: registry.npmmirror.com/qs/6.5.2
      safe-buffer: registry.npmmirror.com/safe-buffer/5.2.1
      tough-cookie: registry.nlark.com/tough-cookie/2.5.0
      tunnel-agent: registry.npmmirror.com/tunnel-agent/0.6.0
      uuid: registry.npmmirror.com/uuid/3.4.0
    dev: false

  registry.npmmirror.com/safe-buffer/5.2.1:
    resolution: {integrity: sha1-Hq+fqb2x/dTsdfWPnNtOa3gn7sY=, registry: https://registry.npm.taobao.org/, tarball: https://registry.npmmirror.com/safe-buffer/download/safe-buffer-5.2.1.tgz}
    name: safe-buffer
    version: 5.2.1
    dev: false

  registry.npmmirror.com/tcb-admin-node/1.22.0:
    resolution: {integrity: sha1-5S3YXGrsVWj9hOZPTSPAYPVgooU=, registry: https://registry.npm.taobao.org/, tarball: https://registry.npmmirror.com/tcb-admin-node/download/tcb-admin-node-1.22.0.tgz}
    name: tcb-admin-node
    version: 1.22.0
    engines: {node: '>=8.6.0'}
    dependencies:
      '@cloudbase/database': registry.npmmirror.com/@cloudbase/database/0.9.15
      '@cloudbase/signature-nodejs': registry.npmmirror.com/@cloudbase/signature-nodejs/1.1.0
      is-regex: registry.nlark.com/is-regex/1.1.4
      jsonwebtoken: registry.npmmirror.com/jsonwebtoken/8.5.1
      lodash.merge: registry.nlark.com/lodash.merge/4.6.2
      request: registry.npmmirror.com/request/2.88.2
      xml2js: registry.nlark.com/xml2js/0.4.23
    dev: false

  registry.npmmirror.com/tslib/1.14.1:
    resolution: {integrity: sha1-zy04vcNKE0vK8QkcQfZhni9nLQA=, registry: https://registry.npm.taobao.org/, tarball: https://registry.npmmirror.com/tslib/download/tslib-1.14.1.tgz}
    name: tslib
    version: 1.14.1
    dev: false

  registry.npmmirror.com/tunnel-agent/0.6.0:
    resolution: {integrity: sha1-J6XeoGs2sEoKmWZ3SykIaPD8QP0=, registry: https://registry.npm.taobao.org/, tarball: https://registry.npmmirror.com/tunnel-agent/download/tunnel-agent-0.6.0.tgz}
    name: tunnel-agent
    version: 0.6.0
    dependencies:
      safe-buffer: registry.npmmirror.com/safe-buffer/5.2.1
    dev: false

  registry.npmmirror.com/tweetnacl/0.14.5:
    resolution: {integrity: sha1-WuaBd/GS1EViadEIr6k/+HQ/T2Q=, registry: https://registry.npm.taobao.org/, tarball: https://registry.npmmirror.com/tweetnacl/download/tweetnacl-0.14.5.tgz}
    name: tweetnacl
    version: 0.14.5
    dev: false

  registry.npmmirror.com/uri-js/4.4.1:
    resolution: {integrity: sha1-mxpSWVIlhZ5V9mnZKPiMbFfyp34=, registry: https://registry.npm.taobao.org/, tarball: https://registry.npmmirror.com/uri-js/download/uri-js-4.4.1.tgz}
    name: uri-js
    version: 4.4.1
    dependencies:
      punycode: registry.npmmirror.com/punycode/2.1.1
    dev: false

  registry.npmmirror.com/url/0.11.0:
    resolution: {integrity: sha512-kbailJa29QrtXnxgq+DdCEGlbTeYM2eJUxsz6vjZavrCYPMIFHMKQmSKYAIuUK2i7hgPm28a8piX5NTUtM/LKQ==, registry: https://registry.npm.taobao.org/, tarball: https://registry.npmmirror.com/url/download/url-0.11.0.tgz}
    name: url
    version: 0.11.0
    dependencies:
      punycode: registry.npmmirror.com/punycode/1.3.2
      querystring: registry.npmmirror.com/querystring/0.2.0
    dev: false

  registry.npmmirror.com/uuid/3.4.0:
    resolution: {integrity: sha512-HjSDRw6gZE5JMggctHBcjVak08+KEVhSIiDzFnT9S9aegmp85S/bReBVTb4QTFaRNptJ9kuYaNhnbNEOkbKb/A==, registry: https://registry.npm.taobao.org/, tarball: https://registry.npmmirror.com/uuid/download/uuid-3.4.0.tgz}
    name: uuid
    version: 3.4.0
    deprecated: Please upgrade  to version 7 or higher.  Older versions may use Math.random() in certain circumstances, which is known to be problematic.  See https://v8.dev/blog/math-random for details.
    hasBin: true
    dev: false

  registry.npmmirror.com/verror/1.10.0:
    resolution: {integrity: sha1-OhBcoXBTr1XW4nDB+CiGguGNpAA=, registry: https://registry.npm.taobao.org/, tarball: https://registry.npmmirror.com/verror/download/verror-1.10.0.tgz}
    name: verror
    version: 1.10.0
    engines: {'0': node >=0.6.0}
    dependencies:
      assert-plus: registry.npmmirror.com/assert-plus/1.0.0
      core-util-is: registry.npmmirror.com/core-util-is/1.0.2
      extsprintf: registry.npmmirror.com/extsprintf/1.3.0
    dev: false

  registry.npmmirror.com/wx-server-sdk/1.8.3:
    resolution: {integrity: sha1-VE9wCQJ0RCKFzQBdf0i7tt+wAow=, registry: https://registry.npm.taobao.org/, tarball: https://registry.npmmirror.com/wx-server-sdk/download/wx-server-sdk-1.8.3.tgz}
    name: wx-server-sdk
    version: 1.8.3
    dependencies:
      protobufjs: registry.npmmirror.com/protobufjs/6.8.8
      tcb-admin-node: registry.npmmirror.com/tcb-admin-node/1.22.0
      tslib: registry.npmmirror.com/tslib/1.14.1
    dev: false
