{
  "name": "miniprogram",
  "version": "1.0.0",
  "lockfileVersion": 2,
  "requires": true,
  "packages": {
    "": {
      "name": "miniprogram",
      "version": "1.0.0",
      "license": "ISC",
      "dependencies": {
        "@antv/wx-f2": "2.1.1",
        "dayjs": "^1.10.7"
      }
    },
    "node_modules/@antv/adjust": {
      "version": "0.1.1",
      "resolved": "https://registry.nlark.com/@antv/adjust/download/@antv/adjust-0.1.1.tgz",
      "integrity": "sha1-4mOrDhoZQaZIhC/Ahs9lp+O3Xpg=",
      "dependencies": {
        "@antv/util": "~1.3.1"
      }
    },
    "node_modules/@antv/adjust/node_modules/@antv/util": {
      "version": "1.3.1",
      "resolved": "https://registry.npmmirror.com/@antv/util/download/@antv/util-1.3.1.tgz",
      "integrity": "sha1-MKNLIB/5Em7A1YxyyBZqnD5kTM0=",
      "dependencies": {
        "@antv/gl-matrix": "^2.7.1"
      }
    },
    "node_modules/@antv/f2": {
      "version": "3.7.8",
      "resolved": "https://registry.npmmirror.com/@antv/f2/download/@antv/f2-3.7.8.tgz",
      "integrity": "sha1-cbLMWBh6v8o1oC9+spsWRImvnqA=",
      "dependencies": {
        "@antv/adjust": "~0.1.1",
        "@antv/scale": "~0.3.3",
        "@antv/util": "~2.0.6",
        "@babel/runtime": "^7.7.7",
        "@types/hammerjs": "^2.0.36",
        "hammerjs": "^2.0.8",
        "type-fest": "^0.15.1"
      }
    },
    "node_modules/@antv/gl-matrix": {
      "version": "2.7.1",
      "resolved": "https://registry.npm.taobao.org/@antv/gl-matrix/download/@antv/gl-matrix-2.7.1.tgz",
      "integrity": "sha1-rLjjf3qz3wE0WrpDcteUK+QuuhQ="
    },
    "node_modules/@antv/scale": {
      "version": "0.3.14",
      "resolved": "https://registry.npmmirror.com/@antv/scale/download/@antv/scale-0.3.14.tgz",
      "integrity": "sha1-Bxj4ZRNo5cmNtWEgZRMqjIu83kg=",
      "license": "MIT",
      "dependencies": {
        "@antv/util": "~2.0.3",
        "fecha": "~4.2.0",
        "tslib": "^2.0.0"
      }
    },
    "node_modules/@antv/util": {
      "version": "2.0.17",
      "resolved": "https://registry.npmmirror.com/@antv/util/download/@antv/util-2.0.17.tgz",
      "integrity": "sha1-6O9CrKeJKBWyKSafPdEMazx1l6k=",
      "dependencies": {
        "csstype": "^3.0.8",
        "tslib": "^2.0.3"
      }
    },
    "node_modules/@antv/wx-f2": {
      "version": "2.1.1",
      "resolved": "https://registry.nlark.com/@antv/wx-f2/download/@antv/wx-f2-2.1.1.tgz",
      "integrity": "sha1-WIMekXdcgoDSfL+ny5pktjMoB7I=",
      "dependencies": {
        "@antv/f2": "~3.7.0"
      }
    },
    "node_modules/@babel/runtime": {
      "version": "7.16.5",
      "resolved": "https://registry.npmmirror.com/@babel/runtime/download/@babel/runtime-7.16.5.tgz",
      "integrity": "sha512-TXWihFIS3Pyv5hzR7j6ihmeLkZfrXGxAr5UfSl8CHf+6q/wpiYDkUau0czckpYG8QmnCIuPpdLtuA9VmuGGyMA==",
      "dependencies": {
        "regenerator-runtime": "^0.13.4"
      },
      "engines": {
        "node": ">=6.9.0"
      }
    },
    "node_modules/@types/hammerjs": {
      "version": "2.0.40",
      "resolved": "https://registry.npmmirror.com/@types/hammerjs/download/@types/hammerjs-2.0.40.tgz",
      "integrity": "sha1-3tAkC26hrXr8HmA3TEkIeq6l29g="
    },
    "node_modules/csstype": {
      "version": "3.0.10",
      "resolved": "https://registry.npmmirror.com/csstype/download/csstype-3.0.10.tgz",
      "integrity": "sha512-2u44ZG2OcNUO9HDp/Jl8C07x6pU/eTR3ncV91SiK3dhG9TWvRVsCoJw14Ckx5DgWkzGA3waZWO3d7pgqpUI/XA=="
    },
    "node_modules/dayjs": {
      "version": "1.10.7",
      "resolved": "https://registry.nlark.com/dayjs/download/dayjs-1.10.7.tgz",
      "integrity": "sha1-LPX5Gt0oEWdIRAhmoKHSbzps5Gg="
    },
    "node_modules/fecha": {
      "version": "4.2.1",
      "resolved": "https://registry.npmmirror.com/fecha/download/fecha-4.2.1.tgz",
      "integrity": "sha1-CoOtj4bvYqCR4iu1oDnNA9I+7M4="
    },
    "node_modules/hammerjs": {
      "version": "2.0.8",
      "resolved": "https://registry.npm.taobao.org/hammerjs/download/hammerjs-2.0.8.tgz",
      "integrity": "sha1-BO93hiz/K7edMPdpIJWTAiK/YPE=",
      "engines": {
        "node": ">=0.8.0"
      }
    },
    "node_modules/regenerator-runtime": {
      "version": "0.13.9",
      "resolved": "https://registry.nlark.com/regenerator-runtime/download/regenerator-runtime-0.13.9.tgz",
      "integrity": "sha1-iSV0Kpj/2QgUmI11Zq0wyjsmO1I="
    },
    "node_modules/tslib": {
      "version": "2.3.1",
      "resolved": "https://registry.npmmirror.com/tslib/download/tslib-2.3.1.tgz",
      "integrity": "sha1-6KM1rdXOrlGqJh0ypJAVjvBC7wE="
    },
    "node_modules/type-fest": {
      "version": "0.15.1",
      "resolved": "https://registry.npmmirror.com/type-fest/download/type-fest-0.15.1.tgz",
      "integrity": "sha1-0sTnPT5KU88akGOW3UYKHFF4ygA=",
      "engines": {
        "node": ">=10"
      }
    }
  },
  "dependencies": {
    "@antv/adjust": {
      "version": "0.1.1",
      "resolved": "https://registry.nlark.com/@antv/adjust/download/@antv/adjust-0.1.1.tgz",
      "integrity": "sha1-4mOrDhoZQaZIhC/Ahs9lp+O3Xpg=",
      "requires": {
        "@antv/util": "~1.3.1"
      },
      "dependencies": {
        "@antv/util": {
          "version": "1.3.1",
          "resolved": "https://registry.npmmirror.com/@antv/util/download/@antv/util-1.3.1.tgz",
          "integrity": "sha1-MKNLIB/5Em7A1YxyyBZqnD5kTM0=",
          "requires": {
            "@antv/gl-matrix": "^2.7.1"
          }
        }
      }
    },
    "@antv/f2": {
      "version": "3.7.8",
      "resolved": "https://registry.npmmirror.com/@antv/f2/download/@antv/f2-3.7.8.tgz",
      "integrity": "sha1-cbLMWBh6v8o1oC9+spsWRImvnqA=",
      "requires": {
        "@antv/adjust": "~0.1.1",
        "@antv/scale": "~0.3.3",
        "@antv/util": "~2.0.6",
        "@babel/runtime": "^7.7.7",
        "@types/hammerjs": "^2.0.36",
        "hammerjs": "^2.0.8",
        "type-fest": "^0.15.1"
      }
    },
    "@antv/gl-matrix": {
      "version": "2.7.1",
      "resolved": "https://registry.npm.taobao.org/@antv/gl-matrix/download/@antv/gl-matrix-2.7.1.tgz",
      "integrity": "sha1-rLjjf3qz3wE0WrpDcteUK+QuuhQ="
    },
    "@antv/scale": {
      "version": "0.3.14",
      "resolved": "https://registry.npmmirror.com/@antv/scale/download/@antv/scale-0.3.14.tgz",
      "integrity": "sha1-Bxj4ZRNo5cmNtWEgZRMqjIu83kg=",
      "requires": {
        "@antv/util": "~2.0.3",
        "fecha": "~4.2.0",
        "tslib": "^2.0.0"
      }
    },
    "@antv/util": {
      "version": "2.0.17",
      "resolved": "https://registry.npmmirror.com/@antv/util/download/@antv/util-2.0.17.tgz",
      "integrity": "sha1-6O9CrKeJKBWyKSafPdEMazx1l6k=",
      "requires": {
        "csstype": "^3.0.8",
        "tslib": "^2.0.3"
      }
    },
    "@antv/wx-f2": {
      "version": "2.1.1",
      "resolved": "https://registry.nlark.com/@antv/wx-f2/download/@antv/wx-f2-2.1.1.tgz",
      "integrity": "sha1-WIMekXdcgoDSfL+ny5pktjMoB7I=",
      "requires": {
        "@antv/f2": "~3.7.0"
      }
    },
    "@babel/runtime": {
      "version": "7.16.5",
      "resolved": "https://registry.npmmirror.com/@babel/runtime/download/@babel/runtime-7.16.5.tgz",
      "integrity": "sha512-TXWihFIS3Pyv5hzR7j6ihmeLkZfrXGxAr5UfSl8CHf+6q/wpiYDkUau0czckpYG8QmnCIuPpdLtuA9VmuGGyMA==",
      "requires": {
        "regenerator-runtime": "^0.13.4"
      }
    },
    "@types/hammerjs": {
      "version": "2.0.40",
      "resolved": "https://registry.npmmirror.com/@types/hammerjs/download/@types/hammerjs-2.0.40.tgz",
      "integrity": "sha1-3tAkC26hrXr8HmA3TEkIeq6l29g="
    },
    "csstype": {
      "version": "3.0.10",
      "resolved": "https://registry.npmmirror.com/csstype/download/csstype-3.0.10.tgz",
      "integrity": "sha512-2u44ZG2OcNUO9HDp/Jl8C07x6pU/eTR3ncV91SiK3dhG9TWvRVsCoJw14Ckx5DgWkzGA3waZWO3d7pgqpUI/XA=="
    },
    "dayjs": {
      "version": "1.10.7",
      "resolved": "https://registry.nlark.com/dayjs/download/dayjs-1.10.7.tgz",
      "integrity": "sha1-LPX5Gt0oEWdIRAhmoKHSbzps5Gg="
    },
    "fecha": {
      "version": "4.2.1",
      "resolved": "https://registry.npmmirror.com/fecha/download/fecha-4.2.1.tgz",
      "integrity": "sha1-CoOtj4bvYqCR4iu1oDnNA9I+7M4="
    },
    "hammerjs": {
      "version": "2.0.8",
      "resolved": "https://registry.npm.taobao.org/hammerjs/download/hammerjs-2.0.8.tgz",
      "integrity": "sha1-BO93hiz/K7edMPdpIJWTAiK/YPE="
    },
    "regenerator-runtime": {
      "version": "0.13.9",
      "resolved": "https://registry.nlark.com/regenerator-runtime/download/regenerator-runtime-0.13.9.tgz",
      "integrity": "sha1-iSV0Kpj/2QgUmI11Zq0wyjsmO1I="
    },
    "tslib": {
      "version": "2.3.1",
      "resolved": "https://registry.npmmirror.com/tslib/download/tslib-2.3.1.tgz",
      "integrity": "sha1-6KM1rdXOrlGqJh0ypJAVjvBC7wE="
    },
    "type-fest": {
      "version": "0.15.1",
      "resolved": "https://registry.npmmirror.com/type-fest/download/type-fest-0.15.1.tgz",
      "integrity": "sha1-0sTnPT5KU88akGOW3UYKHFF4ygA="
    }
  }
}
